
Microsoft Visual Studio Solution File, Format Version 12.00
# Visual Studio Version 16
VisualStudioVersion = 16.0.29709.97
MinimumVisualStudioVersion = 10.0.40219.1
Project("{8BC9CEB8-8B4A-11D0-8D11-00A0C91BC942}") = "Video2Text", "Video2Text.vcxproj", "{C0310E42-7281-46AA-A0E2-EFB7E6591224}"
EndProject
Global
	GlobalSection(SolutionConfigurationPlatforms) = preSolution
		Debug|x64 = Debug|x64
		Debug|x86 = Debug|x86
		Release|x64 = Release|x64
		Release|x86 = Release|x86
	EndGlobalSection
	GlobalSection(ProjectConfigurationPlatforms) = postSolution
		{C0310E42-7281-46AA-A0E2-EFB7E6591224}.Debug|x64.ActiveCfg = Debug|x64
		{C0310E42-7281-46AA-A0E2-EFB7E6591224}.Debug|x64.Build.0 = Debug|x64
		{C0310E42-7281-46AA-A0E2-EFB7E6591224}.Debug|x86.ActiveCfg = Debug|Win32
		{C0310E42-7281-46AA-A0E2-EFB7E6591224}.Debug|x86.Build.0 = Debug|Win32
		{C0310E42-7281-46AA-A0E2-EFB7E6591224}.Release|x64.ActiveCfg = Release|x64
		{C0310E42-7281-46AA-A0E2-EFB7E6591224}.Release|x64.Build.0 = Release|x64
		{C0310E42-7281-46AA-A0E2-EFB7E6591224}.Release|x86.ActiveCfg = Release|Win32
		{C0310E42-7281-46AA-A0E2-EFB7E6591224}.Release|x86.Build.0 = Release|Win32
	EndGlobalSection
	GlobalSection(SolutionProperties) = preSolution
		HideSolutionNode = FALSE
	EndGlobalSection
	GlobalSection(ExtensibilityGlobals) = postSolution
		SolutionGuid = {38869656-7585-47DB-BE25-460546FAE0F4}
	EndGlobalSection
EndGlobal
